
Microsoft Visual Studio Solution File, Format Version 12.00
# Visual Studio Version 16
VisualStudioVersion = 16.0.29926.136
MinimumVisualStudioVersion = 10.0.40219.1
Project("{FAE04EC0-301F-11D3-BF4B-00C04F79EFBC}") = "Lab2", "Lab2\Lab2.csproj", "{E3F80ABE-422F-4005-AAC3-86DCC14C4826}"
EndProject
Project("{FAE04EC0-301F-11D3-BF4B-00C04F79EFBC}") = "Lab2.Tests", "Lab2.Tests\Lab2.Tests.csproj", "{B5EC7403-3F69-46D5-B5E1-B99B73B30A92}"
EndProject
Global
	GlobalSection(SolutionConfigurationPlatforms) = preSolution
		Debug|Any CPU = Debug|Any CPU
		Release|Any CPU = Release|Any CPU
	EndGlobalSection
	GlobalSection(ProjectConfigurationPlatforms) = postSolution
		{E3F80ABE-422F-4005-AAC3-86DCC14C4826}.Debug|Any CPU.ActiveCfg = Debug|Any CPU
		{E3F80ABE-422F-4005-AAC3-86DCC14C4826}.Debug|Any CPU.Build.0 = Debug|Any CPU
		{E3F80ABE-422F-4005-AAC3-86DCC14C4826}.Release|Any CPU.ActiveCfg = Release|Any CPU
		{E3F80ABE-422F-4005-AAC3-86DCC14C4826}.Release|Any CPU.Build.0 = Release|Any CPU
		{B5EC7403-3F69-46D5-B5E1-B99B73B30A92}.Debug|Any CPU.ActiveCfg = Debug|Any CPU
		{B5EC7403-3F69-46D5-B5E1-B99B73B30A92}.Debug|Any CPU.Build.0 = Debug|Any CPU
		{B5EC7403-3F69-46D5-B5E1-B99B73B30A92}.Release|Any CPU.ActiveCfg = Release|Any CPU
		{B5EC7403-3F69-46D5-B5E1-B99B73B30A92}.Release|Any CPU.Build.0 = Release|Any CPU
	EndGlobalSection
	GlobalSection(SolutionProperties) = preSolution
		HideSolutionNode = FALSE
	EndGlobalSection
	GlobalSection(ExtensibilityGlobals) = postSolution
		SolutionGuid = {823012C7-492B-44DB-959E-5023738989DA}
	EndGlobalSection
EndGlobal
